
Microsoft Visual Studio Solution File, Format Version 12.00
# Visual Studio Version 16
VisualStudioVersion = 16.0.31624.102
MinimumVisualStudioVersion = 10.0.40219.1
Project("{FAE04EC0-301F-11D3-BF4B-00C04F79EFBC}") = "Final", "Final\Final.csproj", "{66CCB1FD-1B89-43A3-ABB6-A397DA67E4F2}"
EndProject
Global
	GlobalSection(SolutionConfigurationPlatforms) = preSolution
		Debug|Any CPU = Debug|Any CPU
		Release|Any CPU = Release|Any CPU
	EndGlobalSection
	GlobalSection(ProjectConfigurationPlatforms) = postSolution
		{66CCB1FD-1B89-43A3-ABB6-A397DA67E4F2}.Debug|Any CPU.ActiveCfg = Debug|Any CPU
		{66CCB1FD-1B89-43A3-ABB6-A397DA67E4F2}.Debug|Any CPU.Build.0 = Debug|Any CPU
		{66CCB1FD-1B89-43A3-ABB6-A397DA67E4F2}.Release|Any CPU.ActiveCfg = Release|Any CPU
		{66CCB1FD-1B89-43A3-ABB6-A397DA67E4F2}.Release|Any CPU.Build.0 = Release|Any CPU
	EndGlobalSection
	GlobalSection(SolutionProperties) = preSolution
		HideSolutionNode = FALSE
	EndGlobalSection
	GlobalSection(ExtensibilityGlobals) = postSolution
		SolutionGuid = {AEEC2305-A7A3-425E-8C26-B3EEC90766CF}
	EndGlobalSection
EndGlobal
